
Microsoft Visual Studio Solution File, Format Version 12.00
# Visual Studio Version 17
VisualStudioVersion = 17.7.34031.279
MinimumVisualStudioVersion = 10.0.40219.1
Project("{FAE04EC0-301F-11D3-BF4B-00C04F79EFBC}") = "KamillaSagdieva320_", "KamillaSagdieva320_\KamillaSagdieva320_.csproj", "{CDDA0FA7-640C-46D7-9631-3E1CD66FEC16}"
EndProject
Global
	GlobalSection(SolutionConfigurationPlatforms) = preSolution
		Debug|Any CPU = Debug|Any CPU
		Release|Any CPU = Release|Any CPU
	EndGlobalSection
	GlobalSection(ProjectConfigurationPlatforms) = postSolution
		{CDDA0FA7-640C-46D7-9631-3E1CD66FEC16}.Debug|Any CPU.ActiveCfg = Debug|Any CPU
		{CDDA0FA7-640C-46D7-9631-3E1CD66FEC16}.Debug|Any CPU.Build.0 = Debug|Any CPU
		{CDDA0FA7-640C-46D7-9631-3E1CD66FEC16}.Release|Any CPU.ActiveCfg = Release|Any CPU
		{CDDA0FA7-640C-46D7-9631-3E1CD66FEC16}.Release|Any CPU.Build.0 = Release|Any CPU
	EndGlobalSection
	GlobalSection(SolutionProperties) = preSolution
		HideSolutionNode = FALSE
	EndGlobalSection
	GlobalSection(ExtensibilityGlobals) = postSolution
		SolutionGuid = {C77557E6-ABE8-4F3D-8B07-E25122D77C42}
	EndGlobalSection
EndGlobal
